
Microsoft Visual Studio Solution File, Format Version 12.00
# Visual Studio Version 16
VisualStudioVersion = 16.0.29905.134
MinimumVisualStudioVersion = 10.0.40219.1
Project("{9A19103F-16F7-4668-BE54-9A1E7A4F7556}") = "SocketIOSharp", "SocketIOSharp\SocketIOSharp.csproj", "{194BE9FB-BEA9-4D76-B7BB-F7A7660EFE51}"
EndProject
Project("{FAE04EC0-301F-11D3-BF4B-00C04F79EFBC}") = "SocketIOSharp-Example Client", "SocketIOSharp-Example Client\SocketIOSharp-Example Client.csproj", "{B201CA68-E3D3-4F49-A6F2-BA939D34DD21}"
EndProject
Project("{FAE04EC0-301F-11D3-BF4B-00C04F79EFBC}") = "SocketIOSharp-Example Server", "SocketIOSharp-Example Server\SocketIOSharp-Example Server.csproj", "{6979DD27-BA65-4E69-82DC-F6F5A2B1206A}"
EndProject
Project("{9A19103F-16F7-4668-BE54-9A1E7A4F7556}") = "SocketIOSharp.Test", "SocketIOSharp.Test\SocketIOSharp.Test.csproj", "{7E6D2165-1BCC-4E72-93F6-ACDC90E6D2D2}"
EndProject
Global
	GlobalSection(SolutionConfigurationPlatforms) = preSolution
		Debug|Any CPU = Debug|Any CPU
		Release|Any CPU = Release|Any CPU
	EndGlobalSection
	GlobalSection(ProjectConfigurationPlatforms) = postSolution
		{194BE9FB-BEA9-4D76-B7BB-F7A7660EFE51}.Debug|Any CPU.ActiveCfg = Debug|Any CPU
		{194BE9FB-BEA9-4D76-B7BB-F7A7660EFE51}.Debug|Any CPU.Build.0 = Debug|Any CPU
		{194BE9FB-BEA9-4D76-B7BB-F7A7660EFE51}.Release|Any CPU.ActiveCfg = Release|Any CPU
		{194BE9FB-BEA9-4D76-B7BB-F7A7660EFE51}.Release|Any CPU.Build.0 = Release|Any CPU
		{B201CA68-E3D3-4F49-A6F2-BA939D34DD21}.Debug|Any CPU.ActiveCfg = Debug|Any CPU
		{B201CA68-E3D3-4F49-A6F2-BA939D34DD21}.Debug|Any CPU.Build.0 = Debug|Any CPU
		{B201CA68-E3D3-4F49-A6F2-BA939D34DD21}.Release|Any CPU.ActiveCfg = Release|Any CPU
		{B201CA68-E3D3-4F49-A6F2-BA939D34DD21}.Release|Any CPU.Build.0 = Release|Any CPU
		{6979DD27-BA65-4E69-82DC-F6F5A2B1206A}.Debug|Any CPU.ActiveCfg = Debug|Any CPU
		{6979DD27-BA65-4E69-82DC-F6F5A2B1206A}.Debug|Any CPU.Build.0 = Debug|Any CPU
		{6979DD27-BA65-4E69-82DC-F6F5A2B1206A}.Release|Any CPU.ActiveCfg = Release|Any CPU
		{6979DD27-BA65-4E69-82DC-F6F5A2B1206A}.Release|Any CPU.Build.0 = Release|Any CPU
		{7E6D2165-1BCC-4E72-93F6-ACDC90E6D2D2}.Debug|Any CPU.ActiveCfg = Debug|Any CPU
		{7E6D2165-1BCC-4E72-93F6-ACDC90E6D2D2}.Debug|Any CPU.Build.0 = Debug|Any CPU
		{7E6D2165-1BCC-4E72-93F6-ACDC90E6D2D2}.Release|Any CPU.ActiveCfg = Release|Any CPU
		{7E6D2165-1BCC-4E72-93F6-ACDC90E6D2D2}.Release|Any CPU.Build.0 = Release|Any CPU
	EndGlobalSection
	GlobalSection(SolutionProperties) = preSolution
		HideSolutionNode = FALSE
	EndGlobalSection
	GlobalSection(ExtensibilityGlobals) = postSolution
		SolutionGuid = {EAB01B22-D079-468A-B279-92DCFD3372D0}
	EndGlobalSection
EndGlobal
