
Microsoft Visual Studio Solution File, Format Version 12.00
# Visual Studio 2012
Project("{FAE04EC0-301F-11D3-BF4B-00C04F79EFBC}") = "SocketIOSharp", "SocketIOSharp\SocketIOSharp.csproj", "{194BE9FB-BEA9-4D76-B7BB-F7A7660EFE51}"
EndProject
Global
	GlobalSection(SolutionConfigurationPlatforms) = preSolution
		Debug|Any CPU = Debug|Any CPU
		Release|Any CPU = Release|Any CPU
	EndGlobalSection
	GlobalSection(ProjectConfigurationPlatforms) = postSolution
		{194BE9FB-BEA9-4D76-B7BB-F7A7660EFE51}.Debug|Any CPU.ActiveCfg = Debug|Any CPU
		{194BE9FB-BEA9-4D76-B7BB-F7A7660EFE51}.Debug|Any CPU.Build.0 = Debug|Any CPU
		{194BE9FB-BEA9-4D76-B7BB-F7A7660EFE51}.Release|Any CPU.ActiveCfg = Release|Any CPU
		{194BE9FB-BEA9-4D76-B7BB-F7A7660EFE51}.Release|Any CPU.Build.0 = Release|Any CPU
	EndGlobalSection
	GlobalSection(SolutionProperties) = preSolution
		HideSolutionNode = FALSE
	EndGlobalSection
EndGlobal
